lockfileVersion: '9.0'

settings:
  autoInstallPeers: true
  excludeLinksFromLockfile: false

importers:

  .:
    dependencies:
      antd-mobile:
        specifier: ^5.38.1
        version: 5.38.1(react-dom@18.3.1(react@18.3.1))(react@18.3.1)
      axios:
        specifier: ^1.8.2
        version: 1.8.2
      react:
        specifier: ^18.3.1
        version: 18.3.1
      react-dom:
        specifier: ^18.3.1
        version: 18.3.1(react@18.3.1)
      wasm:
        specifier: link:../wasm/pkg
        version: link:../wasm/pkg
    devDependencies:
      '@biomejs/biome':
        specifier: ^1.9.3
        version: 1.9.4
      '@rsbuild/core':
        specifier: ^1.1.8
        version: 1.1.10
      '@rsbuild/plugin-less':
        specifier: ^1.1.0
        version: 1.1.0(@rsbuild/core@1.1.10)
      '@rsbuild/plugin-react':
        specifier: ^1.0.7
        version: 1.1.0(@rsbuild/core@1.1.10)
      '@types/react':
        specifier: ^18.3.1
        version: 18.3.17
      '@types/react-dom':
        specifier: ^18.3.1
        version: 18.3.5(@types/react@18.3.17)
      eruda:
        specifier: ^3.4.1
        version: 3.4.1
      typescript:
        specifier: ^5.7.2
        version: 5.7.2

packages:

  '@babel/runtime@7.26.0':
    resolution: {integrity: sha512-FDSOghenHTiToteC/QRlv2q3DhPZ/oOXTBoirfWNx1Cx3TMVcGWQtMMmQcSvb/JjpNeGzx8Pq/b4fKEJuWm1sw==}
    engines: {node: '>=6.9.0'}

  '@biomejs/biome@1.9.4':
    resolution: {integrity: sha512-1rkd7G70+o9KkTn5KLmDYXihGoTaIGO9PIIN2ZB7UJxFrWw04CZHPYiMRjYsaDvVV7hP1dYNRLxSANLaBFGpog==}
    engines: {node: '>=14.21.3'}
    hasBin: true

  '@biomejs/cli-darwin-arm64@1.9.4':
    resolution: {integrity: sha512-bFBsPWrNvkdKrNCYeAp+xo2HecOGPAy9WyNyB/jKnnedgzl4W4Hb9ZMzYNbf8dMCGmUdSavlYHiR01QaYR58cw==}
    engines: {node: '>=14.21.3'}
    cpu: [arm64]
    os: [darwin]

  '@biomejs/cli-darwin-x64@1.9.4':
    resolution: {integrity: sha512-ngYBh/+bEedqkSevPVhLP4QfVPCpb+4BBe2p7Xs32dBgs7rh9nY2AIYUL6BgLw1JVXV8GlpKmb/hNiuIxfPfZg==}
    engines: {node: '>=14.21.3'}
    cpu: [x64]
    os: [darwin]

  '@biomejs/cli-linux-arm64-musl@1.9.4':
    resolution: {integrity: sha512-v665Ct9WCRjGa8+kTr0CzApU0+XXtRgwmzIf1SeKSGAv+2scAlW6JR5PMFo6FzqqZ64Po79cKODKf3/AAmECqA==}
    engines: {node: '>=14.21.3'}
    cpu: [arm64]
    os: [linux]
    libc: [musl]

  '@biomejs/cli-linux-arm64@1.9.4':
    resolution: {integrity: sha512-fJIW0+LYujdjUgJJuwesP4EjIBl/N/TcOX3IvIHJQNsAqvV2CHIogsmA94BPG6jZATS4Hi+xv4SkBBQSt1N4/g==}
    engines: {node: '>=14.21.3'}
    cpu: [arm64]
    os: [linux]
    libc: [glibc]

  '@biomejs/cli-linux-x64-musl@1.9.4':
    resolution: {integrity: sha512-gEhi/jSBhZ2m6wjV530Yy8+fNqG8PAinM3oV7CyO+6c3CEh16Eizm21uHVsyVBEB6RIM8JHIl6AGYCv6Q6Q9Tg==}
    engines: {node: '>=14.21.3'}
    cpu: [x64]
    os: [linux]
    libc: [musl]

  '@biomejs/cli-linux-x64@1.9.4':
    resolution: {integrity: sha512-lRCJv/Vi3Vlwmbd6K+oQ0KhLHMAysN8lXoCI7XeHlxaajk06u7G+UsFSO01NAs5iYuWKmVZjmiOzJ0OJmGsMwg==}
    engines: {node: '>=14.21.3'}
    cpu: [x64]
    os: [linux]
    libc: [glibc]

  '@biomejs/cli-win32-arm64@1.9.4':
    resolution: {integrity: sha512-tlbhLk+WXZmgwoIKwHIHEBZUwxml7bRJgk0X2sPyNR3S93cdRq6XulAZRQJ17FYGGzWne0fgrXBKpl7l4M87Hg==}
    engines: {node: '>=14.21.3'}
    cpu: [arm64]
    os: [win32]

  '@biomejs/cli-win32-x64@1.9.4':
    resolution: {integrity: sha512-8Y5wMhVIPaWe6jw2H+KlEm4wP/f7EW3810ZLmDlrEEy5KvBsb9ECEfu/kMWD484ijfQ8+nIi0giMgu9g1UAuuA==}
    engines: {node: '>=14.21.3'}
    cpu: [x64]
    os: [win32]

  '@floating-ui/core@1.6.8':
    resolution: {integrity: sha512-7XJ9cPU+yI2QeLS+FCSlqNFZJq8arvswefkZrYI1yQBbftw6FyrZOxYSh+9S7z7TpeWlRt9zJ5IhM1WIL334jA==}

  '@floating-ui/dom@1.6.12':
    resolution: {integrity: sha512-NP83c0HjokcGVEMeoStg317VD9W7eDlGK7457dMBANbKA6GJZdc7rjujdgqzTaz93jkGgc5P/jeWbaCHnMNc+w==}

  '@floating-ui/utils@0.2.8':
    resolution: {integrity: sha512-kym7SodPp8/wloecOpcmSnWJsK7M0E5Wg8UcFA+uO4B9s5d0ywXOEro/8HM9x0rW+TljRzul/14UYz3TleT3ig==}

  '@module-federation/runtime-tools@0.5.1':
    resolution: {integrity: sha512-nfBedkoZ3/SWyO0hnmaxuz0R0iGPSikHZOAZ0N/dVSQaIzlffUo35B5nlC2wgWIc0JdMZfkwkjZRrnuuDIJbzg==}

  '@module-federation/runtime@0.5.1':
    resolution: {integrity: sha512-xgiMUWwGLWDrvZc9JibuEbXIbhXg6z2oUkemogSvQ4LKvrl/n0kbqP1Blk669mXzyWbqtSp6PpvNdwaE1aN5xQ==}

  '@module-federation/sdk@0.5.1':
    resolution: {integrity: sha512-exvchtjNURJJkpqjQ3/opdbfeT2wPKvrbnGnyRkrwW5o3FH1LaST1tkiNviT6OXTexGaVc2DahbdniQHVtQ7pA==}

  '@module-federation/webpack-bundler-runtime@0.5.1':
    resolution: {integrity: sha512-mMhRFH0k2VjwHt3Jol9JkUsmI/4XlrAoBG3E0o7HoyoPYv1UFOWyqAflfANcUPgbYpvqmyLzDcO+3IT36LXnrA==}

  '@rc-component/mini-decimal@1.1.0':
    resolution: {integrity: sha512-jS4E7T9Li2GuYwI6PyiVXmxTiM6b07rlD9Ge8uGZSCz3WlzcG5ZK7g5bbuKNeZ9pgUuPK/5guV781ujdVpm4HQ==}
    engines: {node: '>=8.x'}

  '@react-spring/animated@9.6.1':
    resolution: {integrity: sha512-ls/rJBrAqiAYozjLo5EPPLLOb1LM0lNVQcXODTC1SMtS6DbuBCPaKco5svFUQFMP2dso3O+qcC4k9FsKc0KxMQ==}
    peerDependencies:
      react: ^16.8.0 || ^17.0.0 || ^18.0.0

  '@react-spring/core@9.6.1':
    resolution: {integrity: sha512-3HAAinAyCPessyQNNXe5W0OHzRfa8Yo5P748paPcmMowZ/4sMfaZ2ZB6e5x5khQI8NusOHj8nquoutd6FRY5WQ==}
    peerDependencies:
      react: ^16.8.0 || ^17.0.0 || ^18.0.0

  '@react-spring/rafz@9.6.1':
    resolution: {integrity: sha512-v6qbgNRpztJFFfSE3e2W1Uz+g8KnIBs6SmzCzcVVF61GdGfGOuBrbjIcp+nUz301awVmREKi4eMQb2Ab2gGgyQ==}

  '@react-spring/shared@9.6.1':
    resolution: {integrity: sha512-PBFBXabxFEuF8enNLkVqMC9h5uLRBo6GQhRMQT/nRTnemVENimgRd+0ZT4yFnAQ0AxWNiJfX3qux+bW2LbG6Bw==}
    peerDependencies:
      react: ^16.8.0 || ^17.0.0 || ^18.0.0

  '@react-spring/types@9.6.1':
    resolution: {integrity: sha512-POu8Mk0hIU3lRXB3bGIGe4VHIwwDsQyoD1F394OK7STTiX9w4dG3cTLljjYswkQN+hDSHRrj4O36kuVa7KPU8Q==}

  '@react-spring/web@9.6.1':
    resolution: {integrity: sha512-X2zR6q2Z+FjsWfGAmAXlQaoUHbPmfuCaXpuM6TcwXPpLE1ZD4A1eys/wpXboFQmDkjnrlTmKvpVna1MjWpZ5Hw==}
    peerDependencies:
      react: ^16.8.0 || ^17.0.0 || ^18.0.0
      react-dom: ^16.8.0 || ^17.0.0 || ^18.0.0

  '@rsbuild/core@1.1.10':
    resolution: {integrity: sha512-G0aVnoMSIZ4PNcW07tKtsOSoID9M03EAnCThRmUWMj1RXDqhbGje6AFBwGun9uz63bdxYEbEp9C8wH7dGi8aYQ==}
    engines: {node: '>=16.7.0'}
    hasBin: true

  '@rsbuild/plugin-less@1.1.0':
    resolution: {integrity: sha512-F834dobNDIdyGj5trMxIqzm/qf54Kj5KVDxeuB3TTj64mzq5fHJnR4aI/iYIliUwICG1/l2MliKr5sR34Kb7eA==}
    peerDependencies:
      '@rsbuild/core': 1.x

  '@rsbuild/plugin-react@1.1.0':
    resolution: {integrity: sha512-uqdRoV2V91G1XIA14dAmxqYTlTDVf0ktpE7TgwG29oQ2j+DerF1kh29WPHK9HvGE34JTfaBrsme2Zmb6bGD0cw==}
    peerDependencies:
      '@rsbuild/core': 1.x

  '@rspack/binding-darwin-arm64@1.1.6':
    resolution: {integrity: sha512-x9dxm2yyiMuL1FBwvWNNMs2/mEUJmRoSRgYb8pblR7HDaTRORrjBFCqhaYlGyAqtQaeUy7o2VAQlE0BavIiFYA==}
    cpu: [arm64]
    os: [darwin]

  '@rspack/binding-darwin-x64@1.1.6':
    resolution: {integrity: sha512-o0seilveftGiDjy3VPxug20HmAgYyQbNEuagR3i93/t/PT/eWXHnik+C1jjwqcivZL1Zllqvy4tbZw393aROEQ==}
    cpu: [x64]
    os: [darwin]

  '@rspack/binding-linux-arm64-gnu@1.1.6':
    resolution: {integrity: sha512-4atnoknJx/c3KaQElsMIxHMpPf2jcRRdWsH/SdqJIRSrkWWakMK9Yv4TFwH680I4HDTMf1XLboMVScHzW8e+Mg==}
    cpu: [arm64]
    os: [linux]
    libc: [glibc]

  '@rspack/binding-linux-arm64-musl@1.1.6':
    resolution: {integrity: sha512-7QMtwUtgFpt3/Y3/X18fSyN+kk4H8ZnZ8tDzQskVWc/j2AQYShZq56XQYqrhClzwujcCVAHauIQ2eiuJ2ASGag==}
    cpu: [arm64]
    os: [linux]
    libc: [musl]

  '@rspack/binding-linux-x64-gnu@1.1.6':
    resolution: {integrity: sha512-MTjDEfPn4TwHoqs5d5Fck06kmXiTHZctGIcRVfrpg0RK0r1NLEHN+oosavRZ9c9H70f34+NmcHk+/qvV4c8lWg==}
    cpu: [x64]
    os: [linux]
    libc: [glibc]

  '@rspack/binding-linux-x64-musl@1.1.6':
    resolution: {integrity: sha512-LqDw7PTVr/4ZuGA0izgDQfamfr72USFHltR1Qhy2YVC3JmDmhG/pQi13LHcOLVaGH1xoeyCmEPNJpVizzDxSjg==}
    cpu: [x64]
    os: [linux]
    libc: [musl]

  '@rspack/binding-win32-arm64-msvc@1.1.6':
    resolution: {integrity: sha512-RHApLM93YN0WdHpS35u2cm7VCqZ8Yg3CrNRL16VJtyT9e6MBqeScoe4XIgIWKPm7edFyedYAjLX0wQOApwfjkg==}
    cpu: [arm64]
    os: [win32]

  '@rspack/binding-win32-ia32-msvc@1.1.6':
    resolution: {integrity: sha512-Y6lx4q0eJawRfMPBo/AclTJAPTZ325DSPFBQJB3TnWh9Z2X7P7pQcYc8PHDmfDuYRIdg5WRsQRvVxihSvF7v8w==}
    cpu: [ia32]
    os: [win32]

  '@rspack/binding-win32-x64-msvc@1.1.6':
    resolution: {integrity: sha512-UuCsfhC/yNuU7xLASOxNXcmsXi2ZvBX14GkxvcdChw6q7IIGNYUKXo1zgR8C1PE/6qDSxmLxbRMS+71d0H3HQg==}
    cpu: [x64]
    os: [win32]

  '@rspack/binding@1.1.6':
    resolution: {integrity: sha512-vfeBEgGOYVwqj5cQjGyvdfrr/BEihAHlyIsobL98FZjTF0uig+bj2yJUH5Ib5F0BpIUKVG3Pw0IjlUBqcVpZsQ==}

  '@rspack/core@1.1.6':
    resolution: {integrity: sha512-q0VLphOF5VW2FEG7Vbdq3Ke4I74FbELE/8xmKghSalFtULLZ44SoSz8lyotfMim9GXIRFhDokAaH8WICmPxG+g==}
    engines: {node: '>=16.0.0'}
    peerDependencies:
      '@swc/helpers': '>=0.5.1'
    peerDependenciesMeta:
      '@swc/helpers':
        optional: true

  '@rspack/lite-tapable@1.0.1':
    resolution: {integrity: sha512-VynGOEsVw2s8TAlLf/uESfrgfrq2+rcXB1muPJYBWbsm1Oa6r5qVQhjA5ggM6z/coYPrsVMgovl3Ff7Q7OCp1w==}
    engines: {node: '>=16.0.0'}

  '@rspack/plugin-react-refresh@1.0.1':
    resolution: {integrity: sha512-KSBc3bsr3mrAPViv7w9MpE9KEWm6q87EyRXyHlRfJ9PpQ56NbX9KZ7AXo7jPeECb0q5sfpM2PSEf+syBiMgLSw==}
    peerDependencies:
      react-refresh: '>=0.10.0 <1.0.0'
    peerDependenciesMeta:
      react-refresh:
        optional: true

  '@swc/helpers@0.5.15':
    resolution: {integrity: sha512-JQ5TuMi45Owi4/BIMAJBoSQoOJu12oOk/gADqlcUL9JEdHB8vyjUSsxqeNXnmXHjYKMi2WcYtezGEEhqUI/E2g==}

  '@types/prop-types@15.7.14':
    resolution: {integrity: sha512-gNMvNH49DJ7OJYv+KAKn0Xp45p8PLl6zo2YnvDIbTd4J6MER2BmWN49TG7n9LvkyihINxeKW8+3bfS2yDC9dzQ==}

  '@types/react-dom@18.3.5':
    resolution: {integrity: sha512-P4t6saawp+b/dFrUr2cvkVsfvPguwsxtH6dNIYRllMsefqFzkZk5UIjzyDOv5g1dXIPdG4Sp1yCR4Z6RCUsG/Q==}
    peerDependencies:
      '@types/react': ^18.0.0

  '@types/react@18.3.17':
    resolution: {integrity: sha512-opAQ5no6LqJNo9TqnxBKsgnkIYHozW9KSTlFVoSUJYh1Fl/sswkEoqIugRSm7tbh6pABtYjGAjW+GOS23j8qbw==}

  '@use-gesture/core@10.3.0':
    resolution: {integrity: sha512-rh+6MND31zfHcy9VU3dOZCqGY511lvGcfyJenN4cWZe0u1BH6brBpBddLVXhF2r4BMqWbvxfsbL7D287thJU2A==}

  '@use-gesture/react@10.3.0':
    resolution: {integrity: sha512-3zc+Ve99z4usVP6l9knYVbVnZgfqhKah7sIG+PS2w+vpig2v2OLct05vs+ZXMzwxdNCMka8B+8WlOo0z6Pn6DA==}
    peerDependencies:
      react: '>= 16.8.0'

  ahooks@3.8.4:
    resolution: {integrity: sha512-39wDEw2ZHvypaT14EpMMk4AzosHWt0z9bulY0BeDsvc9PqJEV+Kjh/4TZfftSsotBMq52iYIOFPd3PR56e0ZJg==}
    engines: {node: '>=8.0.0'}
    peerDependencies:
      react: ^16.8.0 || ^17.0.0 || ^18.0.0

  antd-mobile-icons@0.3.0:
    resolution: {integrity: sha512-rqINQpJWZWrva9moCd1Ye695MZYWmqLPE+bY8d2xLRy7iSQwPsinCdZYjpUPp2zL/LnKYSyXxP2ut2A+DC+whQ==}

  antd-mobile-v5-count@1.0.1:
    resolution: {integrity: sha512-YGsiEDCPUDz3SzfXi6gLZn/HpeSMW+jgPc4qiYUr1fSopg3hkUie2TnooJdExgfiETHefH3Ggs58He0OVfegLA==}

  antd-mobile@5.38.1:
    resolution: {integrity: sha512-1szLVnmu6hz4iJfKFAsCImJkiLe8FV9IoFChXpnLRBz41wrSfjh7FwPuo0AfFfEuTmV2GYS6BNixiuGscHj+iQ==}
    peerDependencies:
      react: ^16.8.0 || ^17.0.0 || ^18.0.0
      react-dom: ^16.8.0 || ^17.0.0 || ^18.0.0

  async-validator@4.2.5:
    resolution: {integrity: sha512-7HhHjtERjqlNbZtqNqy2rckN/SpOOlmDliet+lP7k+eKZEjPk3DgyeU9lIXLdeLz0uBbbVp+9Qdow9wJWgwwfg==}

  asynckit@0.4.0:
    resolution: {integrity: sha1-x57Zf380y48robyXkLzDZkdLS3k=}

  axios@1.8.2:
    resolution: {integrity: sha512-ls4GYBm5aig9vWx8AWDSGLpnpDQRtWAfrjU+EuytuODrFBkqesN2RkOQCBzrA1RQNHw1SmRMSDDDSwzNAYQ6Rg==}

  call-bind-apply-helpers@1.0.2:
    resolution: {integrity: sha512-Sp1ablJ0ivDkSzjcaJdxEunN5/XvksFJ2sMBFfq6x0ryhQV/2b/KwFe21cMpmHtPOSij8K99/wSfoEuTObmuMQ==}
    engines: {node: '>= 0.4'}

  caniuse-lite@1.0.30001688:
    resolution: {integrity: sha512-Nmqpru91cuABu/DTCXbM2NSRHzM2uVHfPnhJ/1zEAJx/ILBRVmz3pzH4N7DZqbdG0gWClsCC05Oj0mJ/1AWMbA==}

  classnames@2.5.1:
    resolution: {integrity: sha512-saHYOzhIQs6wy2sVxTM6bUDsQO4F50V9RQ22qBpEdCW+I+/Wmke2HOl6lS6dTpdxVhb88/I6+Hs+438c3lfUow==}

  combined-stream@1.0.8:
    resolution: {integrity: sha512-FQN4MRfuJeHf7cBbBMJFXhKSDq+2kAArBlmRBvcvFE5BB1HZKXtSFASDhdlz9zOYwxh8lDdnvmMOe/+5cdoEdg==}
    engines: {node: '>= 0.8'}

  core-js@3.39.0:
    resolution: {integrity: sha512-raM0ew0/jJUqkJ0E6e8UDtl+y/7ktFivgWvqw8dNSQeNWoSDLvQ1H/RN3aPXB9tBd4/FhyR4RDPGhsNIMsAn7g==}

  csstype@3.1.3:
    resolution: {integrity: sha512-M1uQkMl8rQK/szD0LNhtqxIPLpimGm8sOBwU7lLnCpSbTyY3yeU1Vc7l4KT5zT4s/yOxHH5O7tIuuLOCnLADRw==}

  dayjs@1.11.13:
    resolution: {integrity: sha512-oaMBel6gjolK862uaPQOVTA7q3TZhuSvuMQAAglQDOWYO9A91IrAOUJEyKVlqJlHE0vq5p5UXxzdPfMH/x6xNg==}

  deepmerge@4.3.1:
    resolution: {integrity: sha512-3sUqbMEc77XqpdNO7FRyRog+eW3ph+GYCbj+rK+uYyRMuwsVy0rMiVtPn+QJlKFvWP/1PYpapqYn0Me2knFn+A==}
    engines: {node: '>=0.10.0'}

  delayed-stream@1.0.0:
    resolution: {integrity: sha1-3zrhmayt+31ECqrgsp4icrJOxhk=}
    engines: {node: '>=0.4.0'}

  dunder-proto@1.0.1:
    resolution: {integrity: sha512-KIN/nDJBQRcXw0MLVhZE9iQHmG68qAVIBg9CqmUYjmQIhgij9U5MFvrqkUL5FbtyyzZuOeOt0zdeRe4UY7ct+A==}
    engines: {node: '>= 0.4'}

  error-stack-parser@2.1.4:
    resolution: {integrity: sha512-Sk5V6wVazPhq5MhpO+AUxJn5x7XSXGl1R93Vn7i+zS15KDVxQijejNCrz8340/2bgLBjR9GtEG8ZVKONDjcqGQ==}

  eruda@3.4.1:
    resolution: {integrity: sha512-RmaO5yD97URY/9Q0lye3cmmNPoXNKreeePIw7c/zllbscR92CjGFZFuQ70+0fLIvLcKW3Xha8DS8NFhmeNbEBQ==}

  es-define-property@1.0.1:
    resolution: {integrity: sha512-e3nRfgfUZ4rNGL232gUgX06QNyyez04KdjFrF+LTRoOXmrOgFKDg4BCdsjW8EnT69eqdYGmRpJwiPVYNrCaW3g==}
    engines: {node: '>= 0.4'}

  es-errors@1.3.0:
    resolution: {integrity: sha512-Zf5H2Kxt2xjTvbJvP2ZWLEICxA6j+hAmMzIlypy4xcBg1vKVnx89Wy0GbS+kf5cwCVFFzdCFh2XSCFNULS6csw==}
    engines: {node: '>= 0.4'}

  es-object-atoms@1.1.1:
    resolution: {integrity: sha512-FGgH2h8zKNim9ljj7dankFPcICIK9Cp5bm+c2gQSYePhpaG5+esrLODihIorn+Pe6FGJzWhXQotPv73jTaldXA==}
    engines: {node: '>= 0.4'}

  es-set-tostringtag@2.1.0:
    resolution: {integrity: sha512-j6vWzfrGVfyXxge+O0x5sh6cvxAog0a/4Rdd2K36zCMV5eJ+/+tOAngRO8cODMNWbVRdVlmGZQL2YS3yR8bIUA==}
    engines: {node: '>= 0.4'}

  follow-redirects@1.15.9:
    resolution: {integrity: sha512-gew4GsXizNgdoRyqmyfMHyAmXsZDk6mHkSxZFCzW9gwlbtOW44CDtYavM+y+72qD/Vq2l550kMF52DT8fOLJqQ==}
    engines: {node: '>=4.0'}
    peerDependencies:
      debug: '*'
    peerDependenciesMeta:
      debug:
        optional: true

  form-data@4.0.2:
    resolution: {integrity: sha512-hGfm/slu0ZabnNt4oaRZ6uREyfCj6P4fT/n6A1rGV+Z0VdGXjfOhVUpkn6qVQONHGIFwmveGXyDs75+nr6FM8w==}
    engines: {node: '>= 6'}

  function-bind@1.1.2:
    resolution: {integrity: sha512-7XHNxH7qX9xG5mIwxkhumTox/MIRNcOgDrxWsMt2pAr23WHp6MrRlN7FBSFpCpr+oVO0F744iUgR82nJMfG2SA==}

  get-intrinsic@1.3.0:
    resolution: {integrity: sha512-9fSjSaos/fRIVIp+xSJlE6lfwhES7LNtKaCBIamHsjr2na1BiABJPo0mOjjz8GJDURarmCPGqaiVg5mfjb98CQ==}
    engines: {node: '>= 0.4'}

  get-proto@1.0.1:
    resolution: {integrity: sha512-sTSfBjoXBp89JvIKIefqw7U2CCebsc74kiY6awiGogKtoSGbgjYE/G/+l9sF3MWFPNc9IcoOC4ODfKHfxFmp0g==}
    engines: {node: '>= 0.4'}

  gopd@1.2.0:
    resolution: {integrity: sha512-ZUKRh6/kUFoAiTAtTYPZJ3hw9wNxx+BIBOijnlG9PnrJsCcSjs1wyyD6vJpaYtgnzDrKYRSqf3OO6Rfa93xsRg==}
    engines: {node: '>= 0.4'}

  has-symbols@1.1.0:
    resolution: {integrity: sha512-1cDNdwJ2Jaohmb3sg4OmKaMBwuC48sYni5HUw2DvsC8LjGTLK9h+eb1X6RyuOHe4hT0ULCW68iomhjUoKUqlPQ==}
    engines: {node: '>= 0.4'}

  has-tostringtag@1.0.2:
    resolution: {integrity: sha512-NqADB8VjPFLM2V0VvHUewwwsw0ZWBaIdgo+ieHtK3hasLz4qeCRjYcqfB6AQrBggRKppKF8L52/VqdVsO47Dlw==}
    engines: {node: '>= 0.4'}

  hasown@2.0.2:
    resolution: {integrity: sha512-0hJU9SCPvmMzIBdZFqNPXWa6dqh7WdH0cII9y+CyS8rG3nL48Bclra9HmKhVVUHyPWNH5Y7xDwAB7bfgSjkUMQ==}
    engines: {node: '>= 0.4'}

  html-entities@2.5.2:
    resolution: {integrity: sha512-K//PSRMQk4FZ78Kyau+mZurHn3FH0Vwr+H36eE0rPbeYkRRi9YxceYPhuN60UwWorxyKHhqoAJl2OFKa4BVtaA==}

  intersection-observer@0.12.2:
    resolution: {integrity: sha512-7m1vEcPCxXYI8HqnL8CKI6siDyD+eIWSwgB3DZA+ZTogxk9I4CDnj4wilt9x/+/QbHI4YG5YZNmC6458/e9Ktg==}

  js-cookie@3.0.5:
    resolution: {integrity: sha512-cEiJEAEoIbWfCZYKWhVwFuvPX1gETRYPw6LlaTKoxD3s2AkXzkCjnp6h0V77ozyqj0jakteJ4YqDJT830+lVGw==}
    engines: {node: '>=14'}

  js-tokens@4.0.0:
    resolution: {integrity: sha512-RdJUflcE3cUzKiMqQgsCu06FPu9UdIJO0beYbPhHN4k6apgJtifcoCtT9bcxOpYBtpD2kCM6Sbzg4CausW/PKQ==}

  lodash@4.17.21:
    resolution: {integrity: sha512-v2kDEe57lecTulaDIuNTPy3Ry4gLGJ6Z1O3vE1krgXZNrsQ+LFTGHVxVjcXPs17LhbZVGedAJv8XZ1tvj5FvSg==}

  loose-envify@1.4.0:
    resolution: {integrity: sha512-lyuxPGr/Wfhrlem2CL/UcnUc1zcqKAImBDzukY7Y5F/yQiNdko6+fRLevlw1HgMySw7f611UIY408EtxRSoK3Q==}
    hasBin: true

  math-intrinsics@1.1.0:
    resolution: {integrity: sha512-/IXtbwEk5HTPyEwyKX6hGkYXxM9nbj64B+ilVJnC/R6B0pH5G4V3b0pVbL7DBj4tkhBAppbQUlf6F6Xl9LHu1g==}
    engines: {node: '>= 0.4'}

  mime-db@1.52.0:
    resolution: {integrity: sha512-sPU4uV7dYlvtWJxwwxHD0PuihVNiE7TyAbQ5SWxDCB9mUYvOgroQOwYQQOKPJ8CIbE+1ETVlOoK1UC2nU3gYvg==}
    engines: {node: '>= 0.6'}

  mime-types@2.1.35:
    resolution: {integrity: sha512-ZDY+bPm5zTTF+YpCrAU9nK0UgICYPT0QtT1NZWFv4s++TNkcgVaT0g6+4R2uI4MjQjzysHB1zxuWL50hzaeXiw==}
    engines: {node: '>= 0.6'}

  nano-memoize@3.0.16:
    resolution: {integrity: sha512-JyK96AKVGAwVeMj3MoMhaSXaUNqgMbCRSQB3trUV8tYZfWEzqUBKdK1qJpfuNXgKeHOx1jv/IEYTM659ly7zUA==}

  proxy-from-env@1.1.0:
    resolution: {integrity: sha512-D+zkORCbA9f1tdWRK0RaCR3GPv50cMxcrz4X8k5LTSUD1Dkw47mKJEZQNunItRTkWwgtaUSo1RVFRIG9ZXiFYg==}

  rc-field-form@1.44.0:
    resolution: {integrity: sha512-el7w87fyDUsca63Y/s8qJcq9kNkf/J5h+iTdqG5WsSHLH0e6Usl7QuYSmSVzJMgtp40mOVZIY/W/QP9zwrp1FA==}
    engines: {node: '>=8.x'}
    peerDependencies:
      react: '>=16.9.0'
      react-dom: '>=16.9.0'

  rc-motion@2.9.4:
    resolution: {integrity: sha512-TAPUUufDqhPO669qJobI0d9U0XZ/VPNQyZTivUxxzU1EyuPe3PtHSx7Kb902KuzQgu7sS18z8GguaxZEALV/ww==}
    peerDependencies:
      react: '>=16.9.0'
      react-dom: '>=16.9.0'

  rc-segmented@2.4.1:
    resolution: {integrity: sha512-KUi+JJFdKnumV9iXlm+BJ00O4NdVBp2TEexLCk6bK1x/RH83TvYKQMzIz/7m3UTRPD08RM/8VG/JNjWgWbd4cw==}
    peerDependencies:
      react: '>=16.0.0'
      react-dom: '>=16.0.0'

  rc-util@5.44.2:
    resolution: {integrity: sha512-uGSk3hpPBLa3/0QAcKhCjgl4SFnhQCJDLvvpoLdbR6KgDuXrujG+dQaUeUvBJr2ZWak1O/9n+cYbJiWmmk95EQ==}
    peerDependencies:
      react: '>=16.9.0'
      react-dom: '>=16.9.0'

  react-dom@18.3.1:
    resolution: {integrity: sha512-5m4nQKp+rZRb09LNH59GM4BxTh9251/ylbKIbpe7TpGxfJ+9kv6BLkLBXIjjspbgbnIBNqlI23tRnTWT0snUIw==}
    peerDependencies:
      react: ^18.3.1

  react-fast-compare@3.2.2:
    resolution: {integrity: sha512-nsO+KSNgo1SbJqJEYRE9ERzo7YtYbou/OqjSQKxV7jcKox7+usiUVZOAC+XnDOABXggQTno0Y1CpVnuWEc1boQ==}

  react-is@18.3.1:
    resolution: {integrity: sha512-/LLMVyas0ljjAtoYiPqYiL8VWXzUUdThrmU5+n20DZv+a+ClRoevUzw5JxU+Ieh5/c87ytoTBV9G1FiKfNJdmg==}

  react-refresh@0.16.0:
    resolution: {integrity: sha512-FPvF2XxTSikpJxcr+bHut2H4gJ17+18Uy20D5/F+SKzFap62R3cM5wH6b8WN3LyGSYeQilLEcJcR1fjBSI2S1A==}
    engines: {node: '>=0.10.0'}

  react@18.3.1:
    resolution: {integrity: sha512-wS+hAgJShR0KhEvPJArfuPVN1+Hz1t0Y6n5jLrGQbkb4urgPE/0Rve+1kMB1v/oWgHgm4WIcV+i7F2pTVj+2iQ==}
    engines: {node: '>=0.10.0'}

  reduce-configs@1.1.0:
    resolution: {integrity: sha512-DQxy6liNadHfrLahZR7lMdc227NYVaQZhY5FMsxLEjX8X0SCuH+ESHSLCoz2yDZFq1/CLMDOAHdsEHwOEXKtvg==}

  regenerator-runtime@0.14.1:
    resolution: {integrity: sha512-dYnhHh0nJoMfnkZs6GmmhFknAGRrLznOu5nc9ML+EJxGvrx6H7teuevqVqCuPcPK//3eDrrjQhehXVx9cnkGdw==}

  resize-observer-polyfill@1.5.1:
    resolution: {integrity: sha512-LwZrotdHOo12nQuZlHEmtuXdqGoOD0OhaxopaNFxWzInpEgaLWoVuAMbTzixuosCx2nEG58ngzW3vxdWoxIgdg==}

  runes2@1.1.4:
    resolution: {integrity: sha512-LNPnEDPOOU4ehF71m5JoQyzT2yxwD6ZreFJ7MxZUAoMKNMY1XrAo60H1CUoX5ncSm0rIuKlqn9JZNRrRkNou2g==}

  scheduler@0.23.2:
    resolution: {integrity: sha512-UOShsPwz7NrMUqhR6t0hWjFduvOzbtv7toDH1/hIrfRNIDBnnBWd0CwJTGvTpngVlmwGCdP9/Zl/tVrDqcuYzQ==}

  screenfull@5.2.0:
    resolution: {integrity: sha512-9BakfsO2aUQN2K9Fdbj87RJIEZ82Q9IGim7FqM5OsebfoFC6ZHXgDq/KvniuLTPdeM8wY2o6Dj3WQ7KeQCj3cA==}
    engines: {node: '>=0.10.0'}

  stackframe@1.3.4:
    resolution: {integrity: sha512-oeVtt7eWQS+Na6F//S4kJ2K2VbRlS9D43mAlMyVpVWovy9o+jfgH8O9agzANzaiLjclA0oYzUXEM4PurhSUChw==}

  staged-components@1.1.3:
    resolution: {integrity: sha512-9EIswzDqjwlEu+ymkV09TTlJfzSbKgEnNteUnZSTxkpMgr5Wx2CzzA9WcMFWBNCldqVPsHVnRGGrApduq2Se5A==}
    peerDependencies:
      react: ^16.8.0 || ^17.0.0 || ^18.0.0

  tslib@2.8.1:
    resolution: {integrity: sha512-oJFu94HQb+KVduSUQL7wnpmqnfmLsOA/nAh6b6EH0wCEoK0/mPeXU6c3wKDV83MkOuHPRHtSXKKU99IBazS/2w==}

  typescript@5.7.2:
    resolution: {integrity: sha512-i5t66RHxDvVN40HfDd1PsEThGNnlMCMT3jMUuoh9/0TaqWevNontacunWyN02LA9/fIbEWlcHZcgTKb9QoaLfg==}
    engines: {node: '>=14.17'}
    hasBin: true

  use-sync-external-store@1.4.0:
    resolution: {integrity: sha512-9WXSPC5fMv61vaupRkCKCxsPxBocVnwakBEkMIHHpkTTg6icbJtg6jzgtLDm4bl3cSHAca52rYWih0k4K3PfHw==}
    peerDependencies:
      react: ^16.8.0 || ^17.0.0 || ^18.0.0 || ^19.0.0

snapshots:

  '@babel/runtime@7.26.0':
    dependencies:
      regenerator-runtime: 0.14.1

  '@biomejs/biome@1.9.4':
    optionalDependencies:
      '@biomejs/cli-darwin-arm64': 1.9.4
      '@biomejs/cli-darwin-x64': 1.9.4
      '@biomejs/cli-linux-arm64': 1.9.4
      '@biomejs/cli-linux-arm64-musl': 1.9.4
      '@biomejs/cli-linux-x64': 1.9.4
      '@biomejs/cli-linux-x64-musl': 1.9.4
      '@biomejs/cli-win32-arm64': 1.9.4
      '@biomejs/cli-win32-x64': 1.9.4

  '@biomejs/cli-darwin-arm64@1.9.4':
    optional: true

  '@biomejs/cli-darwin-x64@1.9.4':
    optional: true

  '@biomejs/cli-linux-arm64-musl@1.9.4':
    optional: true

  '@biomejs/cli-linux-arm64@1.9.4':
    optional: true

  '@biomejs/cli-linux-x64-musl@1.9.4':
    optional: true

  '@biomejs/cli-linux-x64@1.9.4':
    optional: true

  '@biomejs/cli-win32-arm64@1.9.4':
    optional: true

  '@biomejs/cli-win32-x64@1.9.4':
    optional: true

  '@floating-ui/core@1.6.8':
    dependencies:
      '@floating-ui/utils': 0.2.8

  '@floating-ui/dom@1.6.12':
    dependencies:
      '@floating-ui/core': 1.6.8
      '@floating-ui/utils': 0.2.8

  '@floating-ui/utils@0.2.8': {}

  '@module-federation/runtime-tools@0.5.1':
    dependencies:
      '@module-federation/runtime': 0.5.1
      '@module-federation/webpack-bundler-runtime': 0.5.1

  '@module-federation/runtime@0.5.1':
    dependencies:
      '@module-federation/sdk': 0.5.1

  '@module-federation/sdk@0.5.1': {}

  '@module-federation/webpack-bundler-runtime@0.5.1':
    dependencies:
      '@module-federation/runtime': 0.5.1
      '@module-federation/sdk': 0.5.1

  '@rc-component/mini-decimal@1.1.0':
    dependencies:
      '@babel/runtime': 7.26.0

  '@react-spring/animated@9.6.1(react@18.3.1)':
    dependencies:
      '@react-spring/shared': 9.6.1(react@18.3.1)
      '@react-spring/types': 9.6.1
      react: 18.3.1

  '@react-spring/core@9.6.1(react@18.3.1)':
    dependencies:
      '@react-spring/animated': 9.6.1(react@18.3.1)
      '@react-spring/rafz': 9.6.1
      '@react-spring/shared': 9.6.1(react@18.3.1)
      '@react-spring/types': 9.6.1
      react: 18.3.1

  '@react-spring/rafz@9.6.1': {}

  '@react-spring/shared@9.6.1(react@18.3.1)':
    dependencies:
      '@react-spring/rafz': 9.6.1
      '@react-spring/types': 9.6.1
      react: 18.3.1

  '@react-spring/types@9.6.1': {}

  '@react-spring/web@9.6.1(react-dom@18.3.1(react@18.3.1))(react@18.3.1)':
    dependencies:
      '@react-spring/animated': 9.6.1(react@18.3.1)
      '@react-spring/core': 9.6.1(react@18.3.1)
      '@react-spring/shared': 9.6.1(react@18.3.1)
      '@react-spring/types': 9.6.1
      react: 18.3.1
      react-dom: 18.3.1(react@18.3.1)

  '@rsbuild/core@1.1.10':
    dependencies:
      '@rspack/core': 1.1.6(@swc/helpers@0.5.15)
      '@rspack/lite-tapable': 1.0.1
      '@swc/helpers': 0.5.15
      core-js: 3.39.0

  '@rsbuild/plugin-less@1.1.0(@rsbuild/core@1.1.10)':
    dependencies:
      '@rsbuild/core': 1.1.10
      deepmerge: 4.3.1
      reduce-configs: 1.1.0

  '@rsbuild/plugin-react@1.1.0(@rsbuild/core@1.1.10)':
    dependencies:
      '@rsbuild/core': 1.1.10
      '@rspack/plugin-react-refresh': 1.0.1(react-refresh@0.16.0)
      react-refresh: 0.16.0

  '@rspack/binding-darwin-arm64@1.1.6':
    optional: true

  '@rspack/binding-darwin-x64@1.1.6':
    optional: true

  '@rspack/binding-linux-arm64-gnu@1.1.6':
    optional: true

  '@rspack/binding-linux-arm64-musl@1.1.6':
    optional: true

  '@rspack/binding-linux-x64-gnu@1.1.6':
    optional: true

  '@rspack/binding-linux-x64-musl@1.1.6':
    optional: true

  '@rspack/binding-win32-arm64-msvc@1.1.6':
    optional: true

  '@rspack/binding-win32-ia32-msvc@1.1.6':
    optional: true

  '@rspack/binding-win32-x64-msvc@1.1.6':
    optional: true

  '@rspack/binding@1.1.6':
    optionalDependencies:
      '@rspack/binding-darwin-arm64': 1.1.6
      '@rspack/binding-darwin-x64': 1.1.6
      '@rspack/binding-linux-arm64-gnu': 1.1.6
      '@rspack/binding-linux-arm64-musl': 1.1.6
      '@rspack/binding-linux-x64-gnu': 1.1.6
      '@rspack/binding-linux-x64-musl': 1.1.6
      '@rspack/binding-win32-arm64-msvc': 1.1.6
      '@rspack/binding-win32-ia32-msvc': 1.1.6
      '@rspack/binding-win32-x64-msvc': 1.1.6

  '@rspack/core@1.1.6(@swc/helpers@0.5.15)':
    dependencies:
      '@module-federation/runtime-tools': 0.5.1
      '@rspack/binding': 1.1.6
      '@rspack/lite-tapable': 1.0.1
      caniuse-lite: 1.0.30001688
    optionalDependencies:
      '@swc/helpers': 0.5.15

  '@rspack/lite-tapable@1.0.1': {}

  '@rspack/plugin-react-refresh@1.0.1(react-refresh@0.16.0)':
    dependencies:
      error-stack-parser: 2.1.4
      html-entities: 2.5.2
    optionalDependencies:
      react-refresh: 0.16.0

  '@swc/helpers@0.5.15':
    dependencies:
      tslib: 2.8.1

  '@types/prop-types@15.7.14': {}

  '@types/react-dom@18.3.5(@types/react@18.3.17)':
    dependencies:
      '@types/react': 18.3.17

  '@types/react@18.3.17':
    dependencies:
      '@types/prop-types': 15.7.14
      csstype: 3.1.3

  '@use-gesture/core@10.3.0': {}

  '@use-gesture/react@10.3.0(react@18.3.1)':
    dependencies:
      '@use-gesture/core': 10.3.0
      react: 18.3.1

  ahooks@3.8.4(react@18.3.1):
    dependencies:
      '@babel/runtime': 7.26.0
      dayjs: 1.11.13
      intersection-observer: 0.12.2
      js-cookie: 3.0.5
      lodash: 4.17.21
      react: 18.3.1
      react-fast-compare: 3.2.2
      resize-observer-polyfill: 1.5.1
      screenfull: 5.2.0
      tslib: 2.8.1

  antd-mobile-icons@0.3.0: {}

  antd-mobile-v5-count@1.0.1: {}

  antd-mobile@5.38.1(react-dom@18.3.1(react@18.3.1))(react@18.3.1):
    dependencies:
      '@floating-ui/dom': 1.6.12
      '@rc-component/mini-decimal': 1.1.0
      '@react-spring/web': 9.6.1(react-dom@18.3.1(react@18.3.1))(react@18.3.1)
      '@use-gesture/react': 10.3.0(react@18.3.1)
      ahooks: 3.8.4(react@18.3.1)
      antd-mobile-icons: 0.3.0
      antd-mobile-v5-count: 1.0.1
      classnames: 2.5.1
      dayjs: 1.11.13
      deepmerge: 4.3.1
      nano-memoize: 3.0.16
      rc-field-form: 1.44.0(react-dom@18.3.1(react@18.3.1))(react@18.3.1)
      rc-segmented: 2.4.1(react-dom@18.3.1(react@18.3.1))(react@18.3.1)
      rc-util: 5.44.2(react-dom@18.3.1(react@18.3.1))(react@18.3.1)
      react: 18.3.1
      react-dom: 18.3.1(react@18.3.1)
      react-fast-compare: 3.2.2
      react-is: 18.3.1
      runes2: 1.1.4
      staged-components: 1.1.3(react@18.3.1)
      tslib: 2.8.1
      use-sync-external-store: 1.4.0(react@18.3.1)

  async-validator@4.2.5: {}

  asynckit@0.4.0: {}

  axios@1.8.2:
    dependencies:
      follow-redirects: 1.15.9
      form-data: 4.0.2
      proxy-from-env: 1.1.0
    transitivePeerDependencies:
      - debug

  call-bind-apply-helpers@1.0.2:
    dependencies:
      es-errors: 1.3.0
      function-bind: 1.1.2

  caniuse-lite@1.0.30001688: {}

  classnames@2.5.1: {}

  combined-stream@1.0.8:
    dependencies:
      delayed-stream: 1.0.0

  core-js@3.39.0: {}

  csstype@3.1.3: {}

  dayjs@1.11.13: {}

  deepmerge@4.3.1: {}

  delayed-stream@1.0.0: {}

  dunder-proto@1.0.1:
    dependencies:
      call-bind-apply-helpers: 1.0.2
      es-errors: 1.3.0
      gopd: 1.2.0

  error-stack-parser@2.1.4:
    dependencies:
      stackframe: 1.3.4

  eruda@3.4.1: {}

  es-define-property@1.0.1: {}

  es-errors@1.3.0: {}

  es-object-atoms@1.1.1:
    dependencies:
      es-errors: 1.3.0

  es-set-tostringtag@2.1.0:
    dependencies:
      es-errors: 1.3.0
      get-intrinsic: 1.3.0
      has-tostringtag: 1.0.2
      hasown: 2.0.2

  follow-redirects@1.15.9: {}

  form-data@4.0.2:
    dependencies:
      asynckit: 0.4.0
      combined-stream: 1.0.8
      es-set-tostringtag: 2.1.0
      mime-types: 2.1.35

  function-bind@1.1.2: {}

  get-intrinsic@1.3.0:
    dependencies:
      call-bind-apply-helpers: 1.0.2
      es-define-property: 1.0.1
      es-errors: 1.3.0
      es-object-atoms: 1.1.1
      function-bind: 1.1.2
      get-proto: 1.0.1
      gopd: 1.2.0
      has-symbols: 1.1.0
      hasown: 2.0.2
      math-intrinsics: 1.1.0

  get-proto@1.0.1:
    dependencies:
      dunder-proto: 1.0.1
      es-object-atoms: 1.1.1

  gopd@1.2.0: {}

  has-symbols@1.1.0: {}

  has-tostringtag@1.0.2:
    dependencies:
      has-symbols: 1.1.0

  hasown@2.0.2:
    dependencies:
      function-bind: 1.1.2

  html-entities@2.5.2: {}

  intersection-observer@0.12.2: {}

  js-cookie@3.0.5: {}

  js-tokens@4.0.0: {}

  lodash@4.17.21: {}

  loose-envify@1.4.0:
    dependencies:
      js-tokens: 4.0.0

  math-intrinsics@1.1.0: {}

  mime-db@1.52.0: {}

  mime-types@2.1.35:
    dependencies:
      mime-db: 1.52.0

  nano-memoize@3.0.16: {}

  proxy-from-env@1.1.0: {}

  rc-field-form@1.44.0(react-dom@18.3.1(react@18.3.1))(react@18.3.1):
    dependencies:
      '@babel/runtime': 7.26.0
      async-validator: 4.2.5
      rc-util: 5.44.2(react-dom@18.3.1(react@18.3.1))(react@18.3.1)
      react: 18.3.1
      react-dom: 18.3.1(react@18.3.1)

  rc-motion@2.9.4(react-dom@18.3.1(react@18.3.1))(react@18.3.1):
    dependencies:
      '@babel/runtime': 7.26.0
      classnames: 2.5.1
      rc-util: 5.44.2(react-dom@18.3.1(react@18.3.1))(react@18.3.1)
      react: 18.3.1
      react-dom: 18.3.1(react@18.3.1)

  rc-segmented@2.4.1(react-dom@18.3.1(react@18.3.1))(react@18.3.1):
    dependencies:
      '@babel/runtime': 7.26.0
      classnames: 2.5.1
      rc-motion: 2.9.4(react-dom@18.3.1(react@18.3.1))(react@18.3.1)
      rc-util: 5.44.2(react-dom@18.3.1(react@18.3.1))(react@18.3.1)
      react: 18.3.1
      react-dom: 18.3.1(react@18.3.1)

  rc-util@5.44.2(react-dom@18.3.1(react@18.3.1))(react@18.3.1):
    dependencies:
      '@babel/runtime': 7.26.0
      react: 18.3.1
      react-dom: 18.3.1(react@18.3.1)
      react-is: 18.3.1

  react-dom@18.3.1(react@18.3.1):
    dependencies:
      loose-envify: 1.4.0
      react: 18.3.1
      scheduler: 0.23.2

  react-fast-compare@3.2.2: {}

  react-is@18.3.1: {}

  react-refresh@0.16.0: {}

  react@18.3.1:
    dependencies:
      loose-envify: 1.4.0

  reduce-configs@1.1.0: {}

  regenerator-runtime@0.14.1: {}

  resize-observer-polyfill@1.5.1: {}

  runes2@1.1.4: {}

  scheduler@0.23.2:
    dependencies:
      loose-envify: 1.4.0

  screenfull@5.2.0: {}

  stackframe@1.3.4: {}

  staged-components@1.1.3(react@18.3.1):
    dependencies:
      react: 18.3.1

  tslib@2.8.1: {}

  typescript@5.7.2: {}

  use-sync-external-store@1.4.0(react@18.3.1):
    dependencies:
      react: 18.3.1
